{
  "lockfileVersion": 1,
  "dependencies": {
    "api.ai": {
      "version": "1.0.3",
      "resolved": "https://registry.npmjs.org/api.ai/-/api.ai-1.0.3.tgz",
      "integrity": "sha1-1bnetzlgXCIQ3ne6k5x5hqoOoA8="
    },
    "apiai": {
      "version": "4.0.3",
      "resolved": "https://registry.npmjs.org/apiai/-/apiai-4.0.3.tgz",
      "integrity": "sha1-LRqjutH9lBjeqtpQk2noTgEe+vg="
    },
    "bluebird": {
      "version": "3.5.0",
      "resolved": "https://registry.npmjs.org/bluebird/-/bluebird-3.5.0.tgz",
      "integrity": "sha1-eRQg1/VR7qKJdFOop3ZT+WYG1nw="
    }
  }
}
